// !$*UTF8*$!
{
	archiveVersion = 1;
	classes = {
	};
	objectVersion = 50;
	objects = {

/* Begin PBXBuildFile section */
		502D273E23FFC3CB00AA23FA /* AppDelegate.swift in Sources */ = {isa = PBXBuildFile; fileRef = 502D273D23FFC3CB00AA23FA /* AppDelegate.swift */; };
		502D274023FFC3CB00AA23FA /* SceneDelegate.swift in Sources */ = {isa = PBXBuildFile; fileRef = 502D273F23FFC3CB00AA23FA /* SceneDelegate.swift */; };
		502D274223FFC3CB00AA23FA /* ViewController.swift in Sources */ = {isa = PBXBuildFile; fileRef = 502D274123FFC3CB00AA23FA /* ViewController.swift */; };
		502D274523FFC3CB00AA23FA /* Main.storyboard in Resources */ = {isa = PBXBuildFile; fileRef = 502D274323FFC3CB00AA23FA /* Main.storyboard */; };
		502D274723FFC3CF00AA23FA /* Assets.xcassets in Resources */ = {isa = PBXBuildFile; fileRef = 502D274623FFC3CF00AA23FA /* Assets.xcassets */; };
		502D274A23FFC3CF00AA23FA /* LaunchScreen.storyboard in Resources */ = {isa = PBXBuildFile; fileRef = 502D274823FFC3CF00AA23FA /* LaunchScreen.storyboard */; };
/* End PBXBuildFile section */

/* Begin PBXFileReference section */
		502D273A23FFC3CB00AA23FA /* Dz12.app */ = {isa = PBXFileReference; explicitFileType = wrapper.application; includeInIndex = 0; path = Dz12.app; sourceTree = BUILT_PRODUCTS_DIR; };
		502D273D23FFC3CB00AA23FA /* AppDelegate.swift */ = {isa = PBXFileReference; lastKnownFileType = sourcecode.swift; path = AppDelegate.swift; sourceTree = "<group>"; };
		502D273F23FFC3CB00AA23FA /* SceneDelegate.swift */ = {isa = PBXFileReference; lastKnownFileType = sourcecode.swift; path = SceneDelegate.swift; sourceTree = "<group>"; };
		502D274123FFC3CB00AA23FA /* ViewController.swift */ = {isa = PBXFileReference; lastKnownFileType = sourcecode.swift; path = ViewController.swift; sourceTree = "<group>"; };
		502D274423FFC3CB00AA23FA /* Base */ = {isa = PBXFileReference; lastKnownFileType = file.storyboard; name = Base; path = Base.lproj/Main.storyboard; sourceTree = "<group>"; };
		502D274623FFC3CF00AA23FA /* Assets.xcassets */ = {isa = PBXFileReference; lastKnownFileType = folder.assetcatalog; path = Assets.xcassets; sourceTree = "<group>"; };
		502D274923FFC3CF00AA23FA /* Base */ = {isa = PBXFileReference; lastKnownFileType = file.storyboard; name = Base; path = Base.lproj/LaunchScreen.storyboard; sourceTree = "<group>"; };
		502D274B23FFC3CF00AA23FA /* Info.plist */ = {isa = PBXFileReference; lastKnownFileType = text.plist.xml; path = Info.plist; sourceTree = "<group>"; };
/* End PBXFileReference section */

/* Begin PBXFrameworksBuildPhase section */
		502D273723FFC3CB00AA23FA /* Frameworks */ = {
			isa = PBXFrameworksBuildPhase;
			buildActionMask = 2147483647;
			files = (
			);
			runOnlyForDeploymentPostprocessing = 0;
		};
/* End PBXFrameworksBuildPhase section */

/* Begin PBXGroup section */
		502D273123FFC3CB00AA23FA = {
			isa = PBXGroup;
			children = (
				502D273C23FFC3CB00AA23FA /* Dz12 */,
				502D273B23FFC3CB00AA23FA /* Products */,
			);
			sourceTree = "<group>";
		};
		502D273B23FFC3CB00AA23FA /* Products */ = {
			isa = PBXGroup;
			children = (
				502D273A23FFC3CB00AA23FA /* Dz12.app */,
			);
			name = Products;
			sourceTree = "<group>";
		};
		502D273C23FFC3CB00AA23FA /* Dz12 */ = {
			isa = PBXGroup;
			children = (
				502D273D23FFC3CB00AA23FA /* AppDelegate.swift */,
				502D273F23FFC3CB00AA23FA /* SceneDelegate.swift */,
				502D274123FFC3CB00AA23FA /* ViewController.swift */,
				502D274323FFC3CB00AA23FA /* Main.storyboard */,
				502D274623FFC3CF00AA23FA /* Assets.xcassets */,
				502D274823FFC3CF00AA23FA /* LaunchScreen.storyboard */,
				502D274B23FFC3CF00AA23FA /* Info.plist */,
			);
			path = Dz12;
			sourceTree = "<group>";
		};
/* End PBXGroup section */

/* Begin PBXNativeTarget section */
		502D273923FFC3CB00AA23FA /* Dz12 */ = {
			isa = PBXNativeTarget;
			buildConfigurationList = 502D274E23FFC3CF00AA23FA /* Build configuration list for PBXNativeTarget "Dz12" */;
			buildPhases = (
				502D273623FFC3CB00AA23FA /* Sources */,
				502D273723FFC3CB00AA23FA /* Frameworks */,
				502D273823FFC3CB00AA23FA /* Resources */,
			);
			buildRules = (
			);
			dependencies = (
			);
			name = Dz12;
			productName = Dz12;
			productReference = 502D273A23FFC3CB00AA23FA /* Dz12.app */;
			productType = "com.apple.product-type.application";
		};
/* End PBXNativeTarget section */

/* Begin PBXProject section */
		502D273223FFC3CB00AA23FA /* Project object */ = {
			isa = PBXProject;
			attributes = {
				LastSwiftUpdateCheck = 1130;
				LastUpgradeCheck = 1130;
				ORGANIZATIONNAME = "Maxim Mitin";
				TargetAttributes = {
					502D273923FFC3CB00AA23FA = {
						CreatedOnToolsVersion = 11.3.1;
					};
				};
			};
			buildConfigurationList = 502D273523FFC3CB00AA23FA /* Build configuration list for PBXProject "Dz12" */;
			compatibilityVersion = "Xcode 9.3";
			developmentRegion = en;
			hasScannedForEncodings = 0;
			knownRegions = (
				en,
				Base,
			);
			mainGroup = 502D273123FFC3CB00AA23FA;
			productRefGroup = 502D273B23FFC3CB00AA23FA /* Products */;
			projectDirPath = "";
			projectRoot = "";
			targets = (
				502D273923FFC3CB00AA23FA /* Dz12 */,
			);
		};
/* End PBXProject section */

/* Begin PBXResourcesBuildPhase section */
		502D273823FFC3CB00AA23FA /* Resources */ = {
			isa = PBXResourcesBuildPhase;
			buildActionMask = 2147483647;
			files = (
				502D274A23FFC3CF00AA23FA /* LaunchScreen.storyboard in Resources */,
				502D274723FFC3CF00AA23FA /* Assets.xcassets in Resources */,
				502D274523FFC3CB00AA23FA /* Main.storyboard in Resources */,
			);
			runOnlyForDeploymentPostprocessing = 0;
		};
/* End PBXResourcesBuildPhase section */

/* Begin PBXSourcesBuildPhase section */
		502D273623FFC3CB00AA23FA /* Sources */ = {
			isa = PBXSourcesBuildPhase;
			buildActionMask = 2147483647;
			files = (
				502D274223FFC3CB00AA23FA /* ViewController.swift in Sources */,
				502D273E23FFC3CB00AA23FA /* AppDelegate.swift in Sources */,
				502D274023FFC3CB00AA23FA /* SceneDelegate.swift in Sources */,
			);
			runOnlyForDeploymentPostprocessing = 0;
		};
/* End PBXSourcesBuildPhase section */

/* Begin PBXVariantGroup section */
		502D274323FFC3CB00AA23FA /* Main.storyboard */ = {
			isa = PBXVariantGroup;
			children = (
				502D274423FFC3CB00AA23FA /* Base */,
			);
			name = Main.storyboard;
			sourceTree = "<group>";
		};
		502D274823FFC3CF00AA23FA /* LaunchScreen.storyboard */ = {
			isa = PBXVariantGroup;
			children = (
				502D274923FFC3CF00AA23FA /* Base */,
			);
			name = LaunchScreen.storyboard;
			sourceTree = "<group>";
		};
/* End PBXVariantGroup section */

/* Begin XCBuildConfiguration section */
		502D274C23FFC3CF00AA23FA /* Debug */ = {
			isa = XCBuildConfiguration;
			buildSettings = {
				ALWAYS_SEARCH_USER_PATHS = NO;
				CLANG_ANALYZER_NONNULL = YES;
				CLANG_ANALYZER_NUMBER_OBJECT_CONVERSION = YES_AGGRESSIVE;
				CLANG_CXX_LANGUAGE_STANDARD = "gnu++14";
				CLANG_CXX_LIBRARY = "libc++";
				CLANG_ENABLE_MODULES = YES;
				CLANG_ENABLE_OBJC_ARC = YES;
				CLANG_ENABLE_OBJC_WEAK = YES;
				CLANG_WARN_BLOCK_CAPTURE_AUTORELEASING = YES;
				CLANG_WARN_BOOL_CONVERSION = YES;
				CLANG_WARN_COMMA = YES;
				CLANG_WARN_CONSTANT_CONVERSION = YES;
				CLANG_WARN_DEPRECATED_OBJC_IMPLEMENTATIONS = YES;
				CLANG_WARN_DIRECT_OBJC_ISA_USAGE = YES_ERROR;
				CLANG_WARN_DOCUMENTATION_COMMENTS = YES;
				CLANG_WARN_EMPTY_BODY = YES;
				CLANG_WARN_ENUM_CONVERSION = YES;
				CLANG_WARN_INFINITE_RECURSION = YES;
				CLANG_WARN_INT_CONVERSION = YES;
				CLANG_WARN_NON_LITERAL_NULL_CONVERSION = YES;
				CLANG_WARN_OBJC_IMPLICIT_RETAIN_SELF = YES;
				CLANG_WARN_OBJC_LITERAL_CONVERSION = YES;
				CLANG_WARN_OBJC_ROOT_CLASS = YES_ERROR;
				CLANG_WARN_RANGE_LOOP_ANALYSIS = YES;
				CLANG_WARN_STRICT_PROTOTYPES = YES;
				CLANG_WARN_SUSPICIOUS_MOVE = YES;
				CLANG_WARN_UNGUARDED_AVAILABILITY = YES_AGGRESSIVE;
				CLANG_WARN_UNREACHABLE_CODE = YES;
				CLANG_WARN__DUPLICATE_METHOD_MATCH = YES;
				COPY_PHASE_STRIP = NO;
				DEBUG_INFORMATION_FORMAT = dwarf;
				ENABLE_STRICT_OBJC_MSGSEND = YES;
				ENABLE_TESTABILITY = YES;
				GCC_C_LANGUAGE_STANDARD = gnu11;
				GCC_DYNAMIC_NO_PIC = NO;
				GCC_NO_COMMON_BLOCKS = YES;
				GCC_OPTIMIZATION_LEVEL = 0;
				GCC_PREPROCESSOR_DEFINITIONS = (
					"DEBUG=1",
					"$(inherited)",
				);
				GCC_WARN_64_TO_32_BIT_CONVERSION = YES;
				GCC_WARN_ABOUT_RETURN_TYPE = YES_ERROR;
				GCC_WARN_UNDECLARED_SELECTOR = YES;
				GCC_WARN_UNINITIALIZED_AUTOS = YES_AGGRESSIVE;
				GCC_WARN_UNUSED_FUNCTION = YES;
				GCC_WARN_UNUSED_VARIABLE = YES;
				IPHONEOS_DEPLOYMENT_TARGET = 13.2;
				MTL_ENABLE_DEBUG_INFO = INCLUDE_SOURCE;
				MTL_FAST_MATH = YES;
				ONLY_ACTIVE_ARCH = YES;
				SDKROOT = iphoneos;
				SWIFT_ACTIVE_COMPILATION_CONDITIONS = DEBUG;
				SWIFT_OPTIMIZATION_LEVEL = "-Onone";
			};
			name = Debug;
		};
		502D274D23FFC3CF00AA23FA /* Release */ = {
			isa = XCBuildConfiguration;
			buildSettings = {
				ALWAYS_SEARCH_USER_PATHS = NO;
				CLANG_ANALYZER_NONNULL = YES;
				CLANG_ANALYZER_NUMBER_OBJECT_CONVERSION = YES_AGGRESSIVE;
				CLANG_CXX_LANGUAGE_STANDARD = "gnu++14";
				CLANG_CXX_LIBRARY = "libc++";
				CLANG_ENABLE_MODULES = YES;
				CLANG_ENABLE_OBJC_ARC = YES;
				CLANG_ENABLE_OBJC_WEAK = YES;
				CLANG_WARN_BLOCK_CAPTURE_AUTORELEASING = YES;
				CLANG_WARN_BOOL_CONVERSION = YES;
				CLANG_WARN_COMMA = YES;
				CLANG_WARN_CONSTANT_CONVERSION = YES;
				CLANG_WARN_DEPRECATED_OBJC_IMPLEMENTATIONS = YES;
				CLANG_WARN_DIRECT_OBJC_ISA_USAGE = YES_ERROR;
				CLANG_WARN_DOCUMENTATION_COMMENTS = YES;
				CLANG_WARN_EMPTY_BODY = YES;
				CLANG_WARN_ENUM_CONVERSION = YES;
				CLANG_WARN_INFINITE_RECURSION = YES;
				CLANG_WARN_INT_CONVERSION = YES;
				CLANG_WARN_NON_LITERAL_NULL_CONVERSION = YES;
				CLANG_WARN_OBJC_IMPLICIT_RETAIN_SELF = YES;
				CLANG_WARN_OBJC_LITERAL_CONVERSION = YES;
				CLANG_WARN_OBJC_ROOT_CLASS = YES_ERROR;
				CLANG_WARN_RANGE_LOOP_ANALYSIS = YES;
				CLANG_WARN_STRICT_PROTOTYPES = YES;
				CLANG_WARN_SUSPICIOUS_MOVE = YES;
				CLANG_WARN_UNGUARDED_AVAILABILITY = YES_AGGRESSIVE;
				CLANG_WARN_UNREACHABLE_CODE = YES;
				CLANG_WARN__DUPLICATE_METHOD_MATCH = YES;
				COPY_PHASE_STRIP = NO;
				DEBUG_INFORMATION_FORMAT = "dwarf-with-dsym";
				ENABLE_NS_ASSERTIONS = NO;
				ENABLE_STRICT_OBJC_MSGSEND = YES;
				GCC_C_LANGUAGE_STANDARD = gnu11;
				GCC_NO_COMMON_BLOCKS = YES;
				GCC_WARN_64_TO_32_BIT_CONVERSION = YES;
				GCC_WARN_ABOUT_RETURN_TYPE = YES_ERROR;
				GCC_WARN_UNDECLARED_SELECTOR = YES;
				GCC_WARN_UNINITIALIZED_AUTOS = YES_AGGRESSIVE;
				GCC_WARN_UNUSED_FUNCTION = YES;
				GCC_WARN_UNUSED_VARIABLE = YES;
				IPHONEOS_DEPLOYMENT_TARGET = 13.2;
				MTL_ENABLE_DEBUG_INFO = NO;
				MTL_FAST_MATH = YES;
				SDKROOT = iphoneos;
				SWIFT_COMPILATION_MODE = wholemodule;
				SWIFT_OPTIMIZATION_LEVEL = "-O";
				VALIDATE_PRODUCT = YES;
			};
			name = Release;
		};
		502D274F23FFC3CF00AA23FA /* Debug */ = {
			isa = XCBuildConfiguration;
			buildSettings = {
				ASSETCATALOG_COMPILER_APPICON_NAME = AppIcon;
				CODE_SIGN_STYLE = Automatic;
				INFOPLIST_FILE = Dz12/Info.plist;
				LD_RUNPATH_SEARCH_PATHS = (
					"$(inherited)",
					"@executable_path/Frameworks",
				);
				PRODUCT_BUNDLE_IDENTIFIER = "Maxim-Mitin.Dz12";
				PRODUCT_NAME = "$(TARGET_NAME)";
				SWIFT_VERSION = 5.0;
				TARGETED_DEVICE_FAMILY = "1,2";
			};
			name = Debug;
		};
		502D275023FFC3CF00AA23FA /* Release */ = {
			isa = XCBuildConfiguration;
			buildSettings = {
				ASSETCATALOG_COMPILER_APPICON_NAME = AppIcon;
				CODE_SIGN_STYLE = Automatic;
				INFOPLIST_FILE = Dz12/Info.plist;
				LD_RUNPATH_SEARCH_PATHS = (
					"$(inherited)",
					"@executable_path/Frameworks",
				);
				PRODUCT_BUNDLE_IDENTIFIER = "Maxim-Mitin.Dz12";
				PRODUCT_NAME = "$(TARGET_NAME)";
				SWIFT_VERSION = 5.0;
				TARGETED_DEVICE_FAMILY = "1,2";
			};
			name = Release;
		};
/* End XCBuildConfiguration section */

/* Begin XCConfigurationList section */
		502D273523FFC3CB00AA23FA /* Build configuration list for PBXProject "Dz12" */ = {
			isa = XCConfigurationList;
			buildConfigurations = (
				502D274C23FFC3CF00AA23FA /* Debug */,
				502D274D23FFC3CF00AA23FA /* Release */,
			);
			defaultConfigurationIsVisible = 0;
			defaultConfigurationName = Release;
		};
		502D274E23FFC3CF00AA23FA /* Build configuration list for PBXNativeTarget "Dz12" */ = {
			isa = XCConfigurationList;
			buildConfigurations = (
				502D274F23FFC3CF00AA23FA /* Debug */,
				502D275023FFC3CF00AA23FA /* Release */,
			);
			defaultConfigurationIsVisible = 0;
			defaultConfigurationName = Release;
		};
/* End XCConfigurationList section */
	};
	rootObject = 502D273223FFC3CB00AA23FA /* Project object */;
}
