// !$*UTF8*$!
{
	archiveVersion = 1;
	classes = {
	};
	objectVersion = 50;
	objects = {

/* Begin PBXBuildFile section */
		502D27842401CDE400AA23FA /* AppDelegate.swift in Sources */ = {isa = PBXBuildFile; fileRef = 502D27832401CDE400AA23FA /* AppDelegate.swift */; };
		502D27862401CDE400AA23FA /* SceneDelegate.swift in Sources */ = {isa = PBXBuildFile; fileRef = 502D27852401CDE400AA23FA /* SceneDelegate.swift */; };
		502D27882401CDE400AA23FA /* ViewController.swift in Sources */ = {isa = PBXBuildFile; fileRef = 502D27872401CDE400AA23FA /* ViewController.swift */; };
		502D278B2401CDE400AA23FA /* Main.storyboard in Resources */ = {isa = PBXBuildFile; fileRef = 502D27892401CDE400AA23FA /* Main.storyboard */; };
		502D278D2401CDE600AA23FA /* Assets.xcassets in Resources */ = {isa = PBXBuildFile; fileRef = 502D278C2401CDE600AA23FA /* Assets.xcassets */; };
		502D27902401CDE600AA23FA /* LaunchScreen.storyboard in Resources */ = {isa = PBXBuildFile; fileRef = 502D278E2401CDE600AA23FA /* LaunchScreen.storyboard */; };
		502D27982401D15200AA23FA /* ImageViewController.swift in Sources */ = {isa = PBXBuildFile; fileRef = 502D27972401D15200AA23FA /* ImageViewController.swift */; };
		502D279A2401D19C00AA23FA /* ErrorMessageViewController.swift in Sources */ = {isa = PBXBuildFile; fileRef = 502D27992401D19C00AA23FA /* ErrorMessageViewController.swift */; };
/* End PBXBuildFile section */

/* Begin PBXFileReference section */
		502D27802401CDE400AA23FA /* Dz12_Part2.app */ = {isa = PBXFileReference; explicitFileType = wrapper.application; includeInIndex = 0; path = Dz12_Part2.app; sourceTree = BUILT_PRODUCTS_DIR; };
		502D27832401CDE400AA23FA /* AppDelegate.swift */ = {isa = PBXFileReference; lastKnownFileType = sourcecode.swift; path = AppDelegate.swift; sourceTree = "<group>"; };
		502D27852401CDE400AA23FA /* SceneDelegate.swift */ = {isa = PBXFileReference; lastKnownFileType = sourcecode.swift; path = SceneDelegate.swift; sourceTree = "<group>"; };
		502D27872401CDE400AA23FA /* ViewController.swift */ = {isa = PBXFileReference; lastKnownFileType = sourcecode.swift; path = ViewController.swift; sourceTree = "<group>"; };
		502D278A2401CDE400AA23FA /* Base */ = {isa = PBXFileReference; lastKnownFileType = file.storyboard; name = Base; path = Base.lproj/Main.storyboard; sourceTree = "<group>"; };
		502D278C2401CDE600AA23FA /* Assets.xcassets */ = {isa = PBXFileReference; lastKnownFileType = folder.assetcatalog; path = Assets.xcassets; sourceTree = "<group>"; };
		502D278F2401CDE600AA23FA /* Base */ = {isa = PBXFileReference; lastKnownFileType = file.storyboard; name = Base; path = Base.lproj/LaunchScreen.storyboard; sourceTree = "<group>"; };
		502D27912401CDE600AA23FA /* Info.plist */ = {isa = PBXFileReference; lastKnownFileType = text.plist.xml; path = Info.plist; sourceTree = "<group>"; };
		502D27972401D15200AA23FA /* ImageViewController.swift */ = {isa = PBXFileReference; lastKnownFileType = sourcecode.swift; path = ImageViewController.swift; sourceTree = "<group>"; };
		502D27992401D19C00AA23FA /* ErrorMessageViewController.swift */ = {isa = PBXFileReference; lastKnownFileType = sourcecode.swift; path = ErrorMessageViewController.swift; sourceTree = "<group>"; };
/* End PBXFileReference section */

/* Begin PBXFrameworksBuildPhase section */
		502D277D2401CDE400AA23FA /* Frameworks */ = {
			isa = PBXFrameworksBuildPhase;
			buildActionMask = 2147483647;
			files = (
			);
			runOnlyForDeploymentPostprocessing = 0;
		};
/* End PBXFrameworksBuildPhase section */

/* Begin PBXGroup section */
		502D27772401CDE400AA23FA = {
			isa = PBXGroup;
			children = (
				502D27822401CDE400AA23FA /* Dz12_Part2 */,
				502D27812401CDE400AA23FA /* Products */,
			);
			sourceTree = "<group>";
		};
		502D27812401CDE400AA23FA /* Products */ = {
			isa = PBXGroup;
			children = (
				502D27802401CDE400AA23FA /* Dz12_Part2.app */,
			);
			name = Products;
			sourceTree = "<group>";
		};
		502D27822401CDE400AA23FA /* Dz12_Part2 */ = {
			isa = PBXGroup;
			children = (
				502D27832401CDE400AA23FA /* AppDelegate.swift */,
				502D27852401CDE400AA23FA /* SceneDelegate.swift */,
				502D27872401CDE400AA23FA /* ViewController.swift */,
				502D27972401D15200AA23FA /* ImageViewController.swift */,
				502D27992401D19C00AA23FA /* ErrorMessageViewController.swift */,
				502D27892401CDE400AA23FA /* Main.storyboard */,
				502D278C2401CDE600AA23FA /* Assets.xcassets */,
				502D278E2401CDE600AA23FA /* LaunchScreen.storyboard */,
				502D27912401CDE600AA23FA /* Info.plist */,
			);
			path = Dz12_Part2;
			sourceTree = "<group>";
		};
/* End PBXGroup section */

/* Begin PBXNativeTarget section */
		502D277F2401CDE400AA23FA /* Dz12_Part2 */ = {
			isa = PBXNativeTarget;
			buildConfigurationList = 502D27942401CDE600AA23FA /* Build configuration list for PBXNativeTarget "Dz12_Part2" */;
			buildPhases = (
				502D277C2401CDE400AA23FA /* Sources */,
				502D277D2401CDE400AA23FA /* Frameworks */,
				502D277E2401CDE400AA23FA /* Resources */,
			);
			buildRules = (
			);
			dependencies = (
			);
			name = Dz12_Part2;
			productName = Dz12_Part2;
			productReference = 502D27802401CDE400AA23FA /* Dz12_Part2.app */;
			productType = "com.apple.product-type.application";
		};
/* End PBXNativeTarget section */

/* Begin PBXProject section */
		502D27782401CDE400AA23FA /* Project object */ = {
			isa = PBXProject;
			attributes = {
				LastSwiftUpdateCheck = 1130;
				LastUpgradeCheck = 1130;
				ORGANIZATIONNAME = "Maxim Mitin";
				TargetAttributes = {
					502D277F2401CDE400AA23FA = {
						CreatedOnToolsVersion = 11.3.1;
					};
				};
			};
			buildConfigurationList = 502D277B2401CDE400AA23FA /* Build configuration list for PBXProject "Dz12_Part2" */;
			compatibilityVersion = "Xcode 9.3";
			developmentRegion = en;
			hasScannedForEncodings = 0;
			knownRegions = (
				en,
				Base,
			);
			mainGroup = 502D27772401CDE400AA23FA;
			productRefGroup = 502D27812401CDE400AA23FA /* Products */;
			projectDirPath = "";
			projectRoot = "";
			targets = (
				502D277F2401CDE400AA23FA /* Dz12_Part2 */,
			);
		};
/* End PBXProject section */

/* Begin PBXResourcesBuildPhase section */
		502D277E2401CDE400AA23FA /* Resources */ = {
			isa = PBXResourcesBuildPhase;
			buildActionMask = 2147483647;
			files = (
				502D27902401CDE600AA23FA /* LaunchScreen.storyboard in Resources */,
				502D278D2401CDE600AA23FA /* Assets.xcassets in Resources */,
				502D278B2401CDE400AA23FA /* Main.storyboard in Resources */,
			);
			runOnlyForDeploymentPostprocessing = 0;
		};
/* End PBXResourcesBuildPhase section */

/* Begin PBXSourcesBuildPhase section */
		502D277C2401CDE400AA23FA /* Sources */ = {
			isa = PBXSourcesBuildPhase;
			buildActionMask = 2147483647;
			files = (
				502D27882401CDE400AA23FA /* ViewController.swift in Sources */,
				502D27842401CDE400AA23FA /* AppDelegate.swift in Sources */,
				502D27982401D15200AA23FA /* ImageViewController.swift in Sources */,
				502D27862401CDE400AA23FA /* SceneDelegate.swift in Sources */,
				502D279A2401D19C00AA23FA /* ErrorMessageViewController.swift in Sources */,
			);
			runOnlyForDeploymentPostprocessing = 0;
		};
/* End PBXSourcesBuildPhase section */

/* Begin PBXVariantGroup section */
		502D27892401CDE400AA23FA /* Main.storyboard */ = {
			isa = PBXVariantGroup;
			children = (
				502D278A2401CDE400AA23FA /* Base */,
			);
			name = Main.storyboard;
			sourceTree = "<group>";
		};
		502D278E2401CDE600AA23FA /* LaunchScreen.storyboard */ = {
			isa = PBXVariantGroup;
			children = (
				502D278F2401CDE600AA23FA /* Base */,
			);
			name = LaunchScreen.storyboard;
			sourceTree = "<group>";
		};
/* End PBXVariantGroup section */

/* Begin XCBuildConfiguration section */
		502D27922401CDE600AA23FA /* Debug */ = {
			isa = XCBuildConfiguration;
			buildSettings = {
				ALWAYS_SEARCH_USER_PATHS = NO;
				CLANG_ANALYZER_NONNULL = YES;
				CLANG_ANALYZER_NUMBER_OBJECT_CONVERSION = YES_AGGRESSIVE;
				CLANG_CXX_LANGUAGE_STANDARD = "gnu++14";
				CLANG_CXX_LIBRARY = "libc++";
				CLANG_ENABLE_MODULES = YES;
				CLANG_ENABLE_OBJC_ARC = YES;
				CLANG_ENABLE_OBJC_WEAK = YES;
				CLANG_WARN_BLOCK_CAPTURE_AUTORELEASING = YES;
				CLANG_WARN_BOOL_CONVERSION = YES;
				CLANG_WARN_COMMA = YES;
				CLANG_WARN_CONSTANT_CONVERSION = YES;
				CLANG_WARN_DEPRECATED_OBJC_IMPLEMENTATIONS = YES;
				CLANG_WARN_DIRECT_OBJC_ISA_USAGE = YES_ERROR;
				CLANG_WARN_DOCUMENTATION_COMMENTS = YES;
				CLANG_WARN_EMPTY_BODY = YES;
				CLANG_WARN_ENUM_CONVERSION = YES;
				CLANG_WARN_INFINITE_RECURSION = YES;
				CLANG_WARN_INT_CONVERSION = YES;
				CLANG_WARN_NON_LITERAL_NULL_CONVERSION = YES;
				CLANG_WARN_OBJC_IMPLICIT_RETAIN_SELF = YES;
				CLANG_WARN_OBJC_LITERAL_CONVERSION = YES;
				CLANG_WARN_OBJC_ROOT_CLASS = YES_ERROR;
				CLANG_WARN_RANGE_LOOP_ANALYSIS = YES;
				CLANG_WARN_STRICT_PROTOTYPES = YES;
				CLANG_WARN_SUSPICIOUS_MOVE = YES;
				CLANG_WARN_UNGUARDED_AVAILABILITY = YES_AGGRESSIVE;
				CLANG_WARN_UNREACHABLE_CODE = YES;
				CLANG_WARN__DUPLICATE_METHOD_MATCH = YES;
				COPY_PHASE_STRIP = NO;
				DEBUG_INFORMATION_FORMAT = dwarf;
				ENABLE_STRICT_OBJC_MSGSEND = YES;
				ENABLE_TESTABILITY = YES;
				GCC_C_LANGUAGE_STANDARD = gnu11;
				GCC_DYNAMIC_NO_PIC = NO;
				GCC_NO_COMMON_BLOCKS = YES;
				GCC_OPTIMIZATION_LEVEL = 0;
				GCC_PREPROCESSOR_DEFINITIONS = (
					"DEBUG=1",
					"$(inherited)",
				);
				GCC_WARN_64_TO_32_BIT_CONVERSION = YES;
				GCC_WARN_ABOUT_RETURN_TYPE = YES_ERROR;
				GCC_WARN_UNDECLARED_SELECTOR = YES;
				GCC_WARN_UNINITIALIZED_AUTOS = YES_AGGRESSIVE;
				GCC_WARN_UNUSED_FUNCTION = YES;
				GCC_WARN_UNUSED_VARIABLE = YES;
				IPHONEOS_DEPLOYMENT_TARGET = 13.2;
				MTL_ENABLE_DEBUG_INFO = INCLUDE_SOURCE;
				MTL_FAST_MATH = YES;
				ONLY_ACTIVE_ARCH = YES;
				SDKROOT = iphoneos;
				SWIFT_ACTIVE_COMPILATION_CONDITIONS = DEBUG;
				SWIFT_OPTIMIZATION_LEVEL = "-Onone";
			};
			name = Debug;
		};
		502D27932401CDE600AA23FA /* Release */ = {
			isa = XCBuildConfiguration;
			buildSettings = {
				ALWAYS_SEARCH_USER_PATHS = NO;
				CLANG_ANALYZER_NONNULL = YES;
				CLANG_ANALYZER_NUMBER_OBJECT_CONVERSION = YES_AGGRESSIVE;
				CLANG_CXX_LANGUAGE_STANDARD = "gnu++14";
				CLANG_CXX_LIBRARY = "libc++";
				CLANG_ENABLE_MODULES = YES;
				CLANG_ENABLE_OBJC_ARC = YES;
				CLANG_ENABLE_OBJC_WEAK = YES;
				CLANG_WARN_BLOCK_CAPTURE_AUTORELEASING = YES;
				CLANG_WARN_BOOL_CONVERSION = YES;
				CLANG_WARN_COMMA = YES;
				CLANG_WARN_CONSTANT_CONVERSION = YES;
				CLANG_WARN_DEPRECATED_OBJC_IMPLEMENTATIONS = YES;
				CLANG_WARN_DIRECT_OBJC_ISA_USAGE = YES_ERROR;
				CLANG_WARN_DOCUMENTATION_COMMENTS = YES;
				CLANG_WARN_EMPTY_BODY = YES;
				CLANG_WARN_ENUM_CONVERSION = YES;
				CLANG_WARN_INFINITE_RECURSION = YES;
				CLANG_WARN_INT_CONVERSION = YES;
				CLANG_WARN_NON_LITERAL_NULL_CONVERSION = YES;
				CLANG_WARN_OBJC_IMPLICIT_RETAIN_SELF = YES;
				CLANG_WARN_OBJC_LITERAL_CONVERSION = YES;
				CLANG_WARN_OBJC_ROOT_CLASS = YES_ERROR;
				CLANG_WARN_RANGE_LOOP_ANALYSIS = YES;
				CLANG_WARN_STRICT_PROTOTYPES = YES;
				CLANG_WARN_SUSPICIOUS_MOVE = YES;
				CLANG_WARN_UNGUARDED_AVAILABILITY = YES_AGGRESSIVE;
				CLANG_WARN_UNREACHABLE_CODE = YES;
				CLANG_WARN__DUPLICATE_METHOD_MATCH = YES;
				COPY_PHASE_STRIP = NO;
				DEBUG_INFORMATION_FORMAT = "dwarf-with-dsym";
				ENABLE_NS_ASSERTIONS = NO;
				ENABLE_STRICT_OBJC_MSGSEND = YES;
				GCC_C_LANGUAGE_STANDARD = gnu11;
				GCC_NO_COMMON_BLOCKS = YES;
				GCC_WARN_64_TO_32_BIT_CONVERSION = YES;
				GCC_WARN_ABOUT_RETURN_TYPE = YES_ERROR;
				GCC_WARN_UNDECLARED_SELECTOR = YES;
				GCC_WARN_UNINITIALIZED_AUTOS = YES_AGGRESSIVE;
				GCC_WARN_UNUSED_FUNCTION = YES;
				GCC_WARN_UNUSED_VARIABLE = YES;
				IPHONEOS_DEPLOYMENT_TARGET = 13.2;
				MTL_ENABLE_DEBUG_INFO = NO;
				MTL_FAST_MATH = YES;
				SDKROOT = iphoneos;
				SWIFT_COMPILATION_MODE = wholemodule;
				SWIFT_OPTIMIZATION_LEVEL = "-O";
				VALIDATE_PRODUCT = YES;
			};
			name = Release;
		};
		502D27952401CDE600AA23FA /* Debug */ = {
			isa = XCBuildConfiguration;
			buildSettings = {
				ASSETCATALOG_COMPILER_APPICON_NAME = AppIcon;
				CODE_SIGN_STYLE = Automatic;
				INFOPLIST_FILE = Dz12_Part2/Info.plist;
				LD_RUNPATH_SEARCH_PATHS = (
					"$(inherited)",
					"@executable_path/Frameworks",
				);
				PRODUCT_BUNDLE_IDENTIFIER = "Maxim-Mitin.Dz12-Part2";
				PRODUCT_NAME = "$(TARGET_NAME)";
				SWIFT_VERSION = 5.0;
				TARGETED_DEVICE_FAMILY = "1,2";
			};
			name = Debug;
		};
		502D27962401CDE600AA23FA /* Release */ = {
			isa = XCBuildConfiguration;
			buildSettings = {
				ASSETCATALOG_COMPILER_APPICON_NAME = AppIcon;
				CODE_SIGN_STYLE = Automatic;
				INFOPLIST_FILE = Dz12_Part2/Info.plist;
				LD_RUNPATH_SEARCH_PATHS = (
					"$(inherited)",
					"@executable_path/Frameworks",
				);
				PRODUCT_BUNDLE_IDENTIFIER = "Maxim-Mitin.Dz12-Part2";
				PRODUCT_NAME = "$(TARGET_NAME)";
				SWIFT_VERSION = 5.0;
				TARGETED_DEVICE_FAMILY = "1,2";
			};
			name = Release;
		};
/* End XCBuildConfiguration section */

/* Begin XCConfigurationList section */
		502D277B2401CDE400AA23FA /* Build configuration list for PBXProject "Dz12_Part2" */ = {
			isa = XCConfigurationList;
			buildConfigurations = (
				502D27922401CDE600AA23FA /* Debug */,
				502D27932401CDE600AA23FA /* Release */,
			);
			defaultConfigurationIsVisible = 0;
			defaultConfigurationName = Release;
		};
		502D27942401CDE600AA23FA /* Build configuration list for PBXNativeTarget "Dz12_Part2" */ = {
			isa = XCConfigurationList;
			buildConfigurations = (
				502D27952401CDE600AA23FA /* Debug */,
				502D27962401CDE600AA23FA /* Release */,
			);
			defaultConfigurationIsVisible = 0;
			defaultConfigurationName = Release;
		};
/* End XCConfigurationList section */
	};
	rootObject = 502D27782401CDE400AA23FA /* Project object */;
}
